// !$*UTF8*$!
{
	archiveVersion = 1;
	classes = {
	};
	objectVersion = 46;
	objects = {

/* Begin PBXBuildFile section */
		491740E61DACA29400E85A9E /* CalcArrayPointsUnitTests.swift in Sources */ = {isa = PBXBuildFile; fileRef = 491740E51DACA29400E85A9E /* CalcArrayPointsUnitTests.swift */; };
		491740E91DACA79200E85A9E /* main.swift in Sources */ = {isa = PBXBuildFile; fileRef = 491740D21DAC991900E85A9E /* main.swift */; };
		491740EA1DACA79300E85A9E /* main.swift in Sources */ = {isa = PBXBuildFile; fileRef = 491740D21DAC991900E85A9E /* main.swift */; };
/* End PBXBuildFile section */

/* Begin PBXCopyFilesBuildPhase section */
		491740CD1DAC991800E85A9E /* CopyFiles */ = {
			isa = PBXCopyFilesBuildPhase;
			buildActionMask = 2147483647;
			dstPath = /usr/share/man/man1/;
			dstSubfolderSpec = 0;
			files = (
			);
			runOnlyForDeploymentPostprocessing = 1;
		};
/* End PBXCopyFilesBuildPhase section */

/* Begin PBXFileReference section */
		491740CF1DAC991800E85A9E /* CalcArrayPoints */ = {isa = PBXFileReference; explicitFileType = "compiled.mach-o.executable"; includeInIndex = 0; path = CalcArrayPoints; sourceTree = BUILT_PRODUCTS_DIR; };
		491740D21DAC991900E85A9E /* main.swift */ = {isa = PBXFileReference; lastKnownFileType = sourcecode.swift; path = main.swift; sourceTree = "<group>"; };
		491740DD1DACA23300E85A9E /* CalcArrayPointsTest.xctest */ = {isa = PBXFileReference; explicitFileType = wrapper.cfbundle; includeInIndex = 0; path = CalcArrayPointsTest.xctest; sourceTree = BUILT_PRODUCTS_DIR; };
		491740E11DACA23300E85A9E /* Info.plist */ = {isa = PBXFileReference; lastKnownFileType = text.plist.xml; path = Info.plist; sourceTree = "<group>"; };
		491740E51DACA29400E85A9E /* CalcArrayPointsUnitTests.swift */ = {isa = PBXFileReference; fileEncoding = 4; lastKnownFileType = sourcecode.swift; name = CalcArrayPointsUnitTests.swift; path = ../../CalcArrayPointsUnitTests.swift; sourceTree = "<group>"; };
/* End PBXFileReference section */

/* Begin PBXFrameworksBuildPhase section */
		491740CC1DAC991800E85A9E /* Frameworks */ = {
			isa = PBXFrameworksBuildPhase;
			buildActionMask = 2147483647;
			files = (
			);
			runOnlyForDeploymentPostprocessing = 0;
		};
		491740DA1DACA23300E85A9E /* Frameworks */ = {
			isa = PBXFrameworksBuildPhase;
			buildActionMask = 2147483647;
			files = (
			);
			runOnlyForDeploymentPostprocessing = 0;
		};
/* End PBXFrameworksBuildPhase section */

/* Begin PBXGroup section */
		491740C61DAC991800E85A9E = {
			isa = PBXGroup;
			children = (
				491740D11DAC991800E85A9E /* CalcArrayPoints */,
				491740DE1DACA23300E85A9E /* CalcArrayPointsTest */,
				491740D01DAC991800E85A9E /* Products */,
			);
			sourceTree = "<group>";
		};
		491740D01DAC991800E85A9E /* Products */ = {
			isa = PBXGroup;
			children = (
				491740CF1DAC991800E85A9E /* CalcArrayPoints */,
				491740DD1DACA23300E85A9E /* CalcArrayPointsTest.xctest */,
			);
			name = Products;
			sourceTree = "<group>";
		};
		491740D11DAC991800E85A9E /* CalcArrayPoints */ = {
			isa = PBXGroup;
			children = (
				491740D21DAC991900E85A9E /* main.swift */,
			);
			path = CalcArrayPoints;
			sourceTree = "<group>";
		};
		491740DE1DACA23300E85A9E /* CalcArrayPointsTest */ = {
			isa = PBXGroup;
			children = (
				491740E51DACA29400E85A9E /* CalcArrayPointsUnitTests.swift */,
				491740E11DACA23300E85A9E /* Info.plist */,
			);
			path = CalcArrayPointsTest;
			sourceTree = "<group>";
		};
/* End PBXGroup section */

/* Begin PBXNativeTarget section */
		491740CE1DAC991800E85A9E /* CalcArrayPoints */ = {
			isa = PBXNativeTarget;
			buildConfigurationList = 491740D61DAC991900E85A9E /* Build configuration list for PBXNativeTarget "CalcArrayPoints" */;
			buildPhases = (
				491740CB1DAC991800E85A9E /* Sources */,
				491740CC1DAC991800E85A9E /* Frameworks */,
				491740CD1DAC991800E85A9E /* CopyFiles */,
			);
			buildRules = (
			);
			dependencies = (
			);
			name = CalcArrayPoints;
			productName = CalcArrayPoints;
			productReference = 491740CF1DAC991800E85A9E /* CalcArrayPoints */;
			productType = "com.apple.product-type.tool";
		};
		491740DC1DACA23300E85A9E /* CalcArrayPointsTest */ = {
			isa = PBXNativeTarget;
			buildConfigurationList = 491740E21DACA23300E85A9E /* Build configuration list for PBXNativeTarget "CalcArrayPointsTest" */;
			buildPhases = (
				491740D91DACA23300E85A9E /* Sources */,
				491740DA1DACA23300E85A9E /* Frameworks */,
				491740DB1DACA23300E85A9E /* Resources */,
			);
			buildRules = (
			);
			dependencies = (
			);
			name = CalcArrayPointsTest;
			productName = CalcArrayPointsTest;
			productReference = 491740DD1DACA23300E85A9E /* CalcArrayPointsTest.xctest */;
			productType = "com.apple.product-type.bundle.unit-test";
		};
/* End PBXNativeTarget section */

/* Begin PBXProject section */
		491740C71DAC991800E85A9E /* Project object */ = {
			isa = PBXProject;
			attributes = {
				LastSwiftUpdateCheck = 0800;
				LastUpgradeCheck = 0800;
				ORGANIZATIONNAME = emh;
				TargetAttributes = {
					491740CE1DAC991800E85A9E = {
						CreatedOnToolsVersion = 8.0;
						DevelopmentTeam = 5GH4FJ7825;
						ProvisioningStyle = Automatic;
					};
					491740DC1DACA23300E85A9E = {
						CreatedOnToolsVersion = 8.0;
						DevelopmentTeam = 5GH4FJ7825;
						ProvisioningStyle = Automatic;
					};
				};
			};
			buildConfigurationList = 491740CA1DAC991800E85A9E /* Build configuration list for PBXProject "CalcArrayPoints" */;
			compatibilityVersion = "Xcode 3.2";
			developmentRegion = English;
			hasScannedForEncodings = 0;
			knownRegions = (
				en,
			);
			mainGroup = 491740C61DAC991800E85A9E;
			productRefGroup = 491740D01DAC991800E85A9E /* Products */;
			projectDirPath = "";
			projectRoot = "";
			targets = (
				491740CE1DAC991800E85A9E /* CalcArrayPoints */,
				491740DC1DACA23300E85A9E /* CalcArrayPointsTest */,
			);
		};
/* End PBXProject section */

/* Begin PBXResourcesBuildPhase section */
		491740DB1DACA23300E85A9E /* Resources */ = {
			isa = PBXResourcesBuildPhase;
			buildActionMask = 2147483647;
			files = (
			);
			runOnlyForDeploymentPostprocessing = 0;
		};
/* End PBXResourcesBuildPhase section */

/* Begin PBXSourcesBuildPhase section */
		491740CB1DAC991800E85A9E /* Sources */ = {
			isa = PBXSourcesBuildPhase;
			buildActionMask = 2147483647;
			files = (
				491740E91DACA79200E85A9E /* main.swift in Sources */,
			);
			runOnlyForDeploymentPostprocessing = 0;
		};
		491740D91DACA23300E85A9E /* Sources */ = {
			isa = PBXSourcesBuildPhase;
			buildActionMask = 2147483647;
			files = (
				491740EA1DACA79300E85A9E /* main.swift in Sources */,
				491740E61DACA29400E85A9E /* CalcArrayPointsUnitTests.swift in Sources */,
			);
			runOnlyForDeploymentPostprocessing = 0;
		};
/* End PBXSourcesBuildPhase section */

/* Begin XCBuildConfiguration section */
		491740D41DAC991900E85A9E /* Debug */ = {
			isa = XCBuildConfiguration;
			buildSettings = {
				ALWAYS_SEARCH_USER_PATHS = NO;
				CLANG_ANALYZER_NONNULL = YES;
				CLANG_CXX_LANGUAGE_STANDARD = "gnu++0x";
				CLANG_CXX_LIBRARY = "libc++";
				CLANG_ENABLE_MODULES = YES;
				CLANG_ENABLE_OBJC_ARC = YES;
				CLANG_WARN_BOOL_CONVERSION = YES;
				CLANG_WARN_CONSTANT_CONVERSION = YES;
				CLANG_WARN_DIRECT_OBJC_ISA_USAGE = YES_ERROR;
				CLANG_WARN_DOCUMENTATION_COMMENTS = YES;
				CLANG_WARN_EMPTY_BODY = YES;
				CLANG_WARN_ENUM_CONVERSION = YES;
				CLANG_WARN_INFINITE_RECURSION = YES;
				CLANG_WARN_INT_CONVERSION = YES;
				CLANG_WARN_OBJC_ROOT_CLASS = YES_ERROR;
				CLANG_WARN_SUSPICIOUS_MOVES = YES;
				CLANG_WARN_UNREACHABLE_CODE = YES;
				CLANG_WARN__DUPLICATE_METHOD_MATCH = YES;
				CODE_SIGN_IDENTITY = "-";
				COPY_PHASE_STRIP = NO;
				DEBUG_INFORMATION_FORMAT = dwarf;
				ENABLE_STRICT_OBJC_MSGSEND = YES;
				ENABLE_TESTABILITY = YES;
				GCC_C_LANGUAGE_STANDARD = gnu99;
				GCC_DYNAMIC_NO_PIC = NO;
				GCC_NO_COMMON_BLOCKS = YES;
				GCC_OPTIMIZATION_LEVEL = 0;
				GCC_PREPROCESSOR_DEFINITIONS = (
					"DEBUG=1",
					"$(inherited)",
				);
				GCC_WARN_64_TO_32_BIT_CONVERSION = YES;
				GCC_WARN_ABOUT_RETURN_TYPE = YES_ERROR;
				GCC_WARN_UNDECLARED_SELECTOR = YES;
				GCC_WARN_UNINITIALIZED_AUTOS = YES_AGGRESSIVE;
				GCC_WARN_UNUSED_FUNCTION = YES;
				GCC_WARN_UNUSED_VARIABLE = YES;
				MACOSX_DEPLOYMENT_TARGET = 10.12;
				MTL_ENABLE_DEBUG_INFO = YES;
				ONLY_ACTIVE_ARCH = YES;
				SDKROOT = macosx;
				SWIFT_OPTIMIZATION_LEVEL = "-Onone";
			};
			name = Debug;
		};
		491740D51DAC991900E85A9E /* Release */ = {
			isa = XCBuildConfiguration;
			buildSettings = {
				ALWAYS_SEARCH_USER_PATHS = NO;
				CLANG_ANALYZER_NONNULL = YES;
				CLANG_CXX_LANGUAGE_STANDARD = "gnu++0x";
				CLANG_CXX_LIBRARY = "libc++";
				CLANG_ENABLE_MODULES = YES;
				CLANG_ENABLE_OBJC_ARC = YES;
				CLANG_WARN_BOOL_CONVERSION = YES;
				CLANG_WARN_CONSTANT_CONVERSION = YES;
				CLANG_WARN_DIRECT_OBJC_ISA_USAGE = YES_ERROR;
				CLANG_WARN_DOCUMENTATION_COMMENTS = YES;
				CLANG_WARN_EMPTY_BODY = YES;
				CLANG_WARN_ENUM_CONVERSION = YES;
				CLANG_WARN_INFINITE_RECURSION = YES;
				CLANG_WARN_INT_CONVERSION = YES;
				CLANG_WARN_OBJC_ROOT_CLASS = YES_ERROR;
				CLANG_WARN_SUSPICIOUS_MOVES = YES;
				CLANG_WARN_UNREACHABLE_CODE = YES;
				CLANG_WARN__DUPLICATE_METHOD_MATCH = YES;
				CODE_SIGN_IDENTITY = "-";
				COPY_PHASE_STRIP = NO;
				DEBUG_INFORMATION_FORMAT = "dwarf-with-dsym";
				ENABLE_NS_ASSERTIONS = NO;
				ENABLE_STRICT_OBJC_MSGSEND = YES;
				GCC_C_LANGUAGE_STANDARD = gnu99;
				GCC_NO_COMMON_BLOCKS = YES;
				GCC_WARN_64_TO_32_BIT_CONVERSION = YES;
				GCC_WARN_ABOUT_RETURN_TYPE = YES_ERROR;
				GCC_WARN_UNDECLARED_SELECTOR = YES;
				GCC_WARN_UNINITIALIZED_AUTOS = YES_AGGRESSIVE;
				GCC_WARN_UNUSED_FUNCTION = YES;
				GCC_WARN_UNUSED_VARIABLE = YES;
				MACOSX_DEPLOYMENT_TARGET = 10.12;
				MTL_ENABLE_DEBUG_INFO = NO;
				SDKROOT = macosx;
			};
			name = Release;
		};
		491740D71DAC991900E85A9E /* Debug */ = {
			isa = XCBuildConfiguration;
			buildSettings = {
				DEVELOPMENT_TEAM = 5GH4FJ7825;
				PRODUCT_NAME = "$(TARGET_NAME)";
				SWIFT_VERSION = 3.0;
			};
			name = Debug;
		};
		491740D81DAC991900E85A9E /* Release */ = {
			isa = XCBuildConfiguration;
			buildSettings = {
				DEVELOPMENT_TEAM = 5GH4FJ7825;
				PRODUCT_NAME = "$(TARGET_NAME)";
				SWIFT_VERSION = 3.0;
			};
			name = Release;
		};
		491740E31DACA23300E85A9E /* Debug */ = {
			isa = XCBuildConfiguration;
			buildSettings = {
				COMBINE_HIDPI_IMAGES = YES;
				DEVELOPMENT_TEAM = 5GH4FJ7825;
				INFOPLIST_FILE = CalcArrayPointsTest/Info.plist;
				LD_RUNPATH_SEARCH_PATHS = "$(inherited) @executable_path/../Frameworks @loader_path/../Frameworks";
				PRODUCT_BUNDLE_IDENTIFIER = emh.CalcArrayPointsTest;
				PRODUCT_NAME = "$(TARGET_NAME)";
				SWIFT_ACTIVE_COMPILATION_CONDITIONS = DEBUG;
				SWIFT_VERSION = 3.0;
			};
			name = Debug;
		};
		491740E41DACA23300E85A9E /* Release */ = {
			isa = XCBuildConfiguration;
			buildSettings = {
				COMBINE_HIDPI_IMAGES = YES;
				DEVELOPMENT_TEAM = 5GH4FJ7825;
				INFOPLIST_FILE = CalcArrayPointsTest/Info.plist;
				LD_RUNPATH_SEARCH_PATHS = "$(inherited) @executable_path/../Frameworks @loader_path/../Frameworks";
				PRODUCT_BUNDLE_IDENTIFIER = emh.CalcArrayPointsTest;
				PRODUCT_NAME = "$(TARGET_NAME)";
				SWIFT_OPTIMIZATION_LEVEL = "-Owholemodule";
				SWIFT_VERSION = 3.0;
			};
			name = Release;
		};
/* End XCBuildConfiguration section */

/* Begin XCConfigurationList section */
		491740CA1DAC991800E85A9E /* Build configuration list for PBXProject "CalcArrayPoints" */ = {
			isa = XCConfigurationList;
			buildConfigurations = (
				491740D41DAC991900E85A9E /* Debug */,
				491740D51DAC991900E85A9E /* Release */,
			);
			defaultConfigurationIsVisible = 0;
			defaultConfigurationName = Release;
		};
		491740D61DAC991900E85A9E /* Build configuration list for PBXNativeTarget "CalcArrayPoints" */ = {
			isa = XCConfigurationList;
			buildConfigurations = (
				491740D71DAC991900E85A9E /* Debug */,
				491740D81DAC991900E85A9E /* Release */,
			);
			defaultConfigurationIsVisible = 0;
		};
		491740E21DACA23300E85A9E /* Build configuration list for PBXNativeTarget "CalcArrayPointsTest" */ = {
			isa = XCConfigurationList;
			buildConfigurations = (
				491740E31DACA23300E85A9E /* Debug */,
				491740E41DACA23300E85A9E /* Release */,
			);
			defaultConfigurationIsVisible = 0;
		};
/* End XCConfigurationList section */
	};
	rootObject = 491740C71DAC991800E85A9E /* Project object */;
}
